// !$*UTF8*$!
{
	archiveVersion = 1;
	classes = {
	};
	objectVersion = 50;
	objects = {

/* Begin PBXBuildFile section */
		2403C3B124C48F3F009DC596 /* AppDelegate.swift in Sources */ = {isa = PBXBuildFile; fileRef = 2403C3B024C48F3F009DC596 /* AppDelegate.swift */; };
		2403C3B324C48F3F009DC596 /* SceneDelegate.swift in Sources */ = {isa = PBXBuildFile; fileRef = 2403C3B224C48F3F009DC596 /* SceneDelegate.swift */; };
		2403C3B824C48F3F009DC596 /* Main.storyboard in Resources */ = {isa = PBXBuildFile; fileRef = 2403C3B624C48F3F009DC596 /* Main.storyboard */; };
		2403C3BA24C48F40009DC596 /* Assets.xcassets in Resources */ = {isa = PBXBuildFile; fileRef = 2403C3B924C48F40009DC596 /* Assets.xcassets */; };
		2403C3BD24C48F40009DC596 /* LaunchScreen.storyboard in Resources */ = {isa = PBXBuildFile; fileRef = 2403C3BB24C48F40009DC596 /* LaunchScreen.storyboard */; };
		24874C4124C7DD4300B65F5C /* sun.storyboard in Resources */ = {isa = PBXBuildFile; fileRef = 24874C3F24C7DD4300B65F5C /* sun.storyboard */; };
		24874C4324C7DD6300B65F5C /* moon.storyboard in Resources */ = {isa = PBXBuildFile; fileRef = 24874C4224C7DD6300B65F5C /* moon.storyboard */; };
		24BFBA7724C5304A00909D93 /* cardTableViewController.swift in Sources */ = {isa = PBXBuildFile; fileRef = 24BFBA7624C5304A00909D93 /* cardTableViewController.swift */; };
		24BFBA7924C530C900909D93 /* drawStrawsViewController.swift in Sources */ = {isa = PBXBuildFile; fileRef = 24BFBA7824C530C900909D93 /* drawStrawsViewController.swift */; };
/* End PBXBuildFile section */

/* Begin PBXFileReference section */
		2403C3AD24C48F3F009DC596 /* Cardcaptor_Sakura.app */ = {isa = PBXFileReference; explicitFileType = wrapper.application; includeInIndex = 0; path = Cardcaptor_Sakura.app; sourceTree = BUILT_PRODUCTS_DIR; };
		2403C3B024C48F3F009DC596 /* AppDelegate.swift */ = {isa = PBXFileReference; lastKnownFileType = sourcecode.swift; path = AppDelegate.swift; sourceTree = "<group>"; };
		2403C3B224C48F3F009DC596 /* SceneDelegate.swift */ = {isa = PBXFileReference; lastKnownFileType = sourcecode.swift; path = SceneDelegate.swift; sourceTree = "<group>"; };
		2403C3B724C48F3F009DC596 /* Base */ = {isa = PBXFileReference; lastKnownFileType = file.storyboard; name = Base; path = Base.lproj/Main.storyboard; sourceTree = "<group>"; };
		2403C3B924C48F40009DC596 /* Assets.xcassets */ = {isa = PBXFileReference; lastKnownFileType = folder.assetcatalog; path = Assets.xcassets; sourceTree = "<group>"; };
		2403C3BC24C48F40009DC596 /* Base */ = {isa = PBXFileReference; lastKnownFileType = file.storyboard; name = Base; path = Base.lproj/LaunchScreen.storyboard; sourceTree = "<group>"; };
		2403C3BE24C48F40009DC596 /* Info.plist */ = {isa = PBXFileReference; lastKnownFileType = text.plist.xml; path = Info.plist; sourceTree = "<group>"; };
		24874C4024C7DD4300B65F5C /* Base */ = {isa = PBXFileReference; lastKnownFileType = file.storyboard; name = Base; path = Cardcaptor_Sakura/Base.lproj/sun.storyboard; sourceTree = "<group>"; };
		24874C4224C7DD6300B65F5C /* moon.storyboard */ = {isa = PBXFileReference; fileEncoding = 4; lastKnownFileType = file.storyboard; path = moon.storyboard; sourceTree = "<group>"; };
		24BFBA7624C5304A00909D93 /* cardTableViewController.swift */ = {isa = PBXFileReference; lastKnownFileType = sourcecode.swift; path = cardTableViewController.swift; sourceTree = "<group>"; };
		24BFBA7824C530C900909D93 /* drawStrawsViewController.swift */ = {isa = PBXFileReference; lastKnownFileType = sourcecode.swift; path = drawStrawsViewController.swift; sourceTree = "<group>"; };
/* End PBXFileReference section */

/* Begin PBXFrameworksBuildPhase section */
		2403C3AA24C48F3F009DC596 /* Frameworks */ = {
			isa = PBXFrameworksBuildPhase;
			buildActionMask = 2147483647;
			files = (
			);
			runOnlyForDeploymentPostprocessing = 0;
		};
/* End PBXFrameworksBuildPhase section */

/* Begin PBXGroup section */
		2403C3A424C48F3F009DC596 = {
			isa = PBXGroup;
			children = (
				2403C3AF24C48F3F009DC596 /* Cardcaptor_Sakura */,
				2403C3AE24C48F3F009DC596 /* Products */,
			);
			sourceTree = "<group>";
		};
		2403C3AE24C48F3F009DC596 /* Products */ = {
			isa = PBXGroup;
			children = (
				2403C3AD24C48F3F009DC596 /* Cardcaptor_Sakura.app */,
			);
			name = Products;
			sourceTree = "<group>";
		};
		2403C3AF24C48F3F009DC596 /* Cardcaptor_Sakura */ = {
			isa = PBXGroup;
			children = (
				2403C3B024C48F3F009DC596 /* AppDelegate.swift */,
				2403C3B224C48F3F009DC596 /* SceneDelegate.swift */,
				2403C3B624C48F3F009DC596 /* Main.storyboard */,
				24874C3F24C7DD4300B65F5C /* sun.storyboard */,
				24874C4224C7DD6300B65F5C /* moon.storyboard */,
				2403C3B924C48F40009DC596 /* Assets.xcassets */,
				2403C3BB24C48F40009DC596 /* LaunchScreen.storyboard */,
				2403C3BE24C48F40009DC596 /* Info.plist */,
				24BFBA7824C530C900909D93 /* drawStrawsViewController.swift */,
				24BFBA7624C5304A00909D93 /* cardTableViewController.swift */,
			);
			path = Cardcaptor_Sakura;
			sourceTree = "<group>";
		};
/* End PBXGroup section */

/* Begin PBXNativeTarget section */
		2403C3AC24C48F3F009DC596 /* Cardcaptor_Sakura */ = {
			isa = PBXNativeTarget;
			buildConfigurationList = 2403C3C124C48F40009DC596 /* Build configuration list for PBXNativeTarget "Cardcaptor_Sakura" */;
			buildPhases = (
				2403C3A924C48F3F009DC596 /* Sources */,
				2403C3AA24C48F3F009DC596 /* Frameworks */,
				2403C3AB24C48F3F009DC596 /* Resources */,
			);
			buildRules = (
			);
			dependencies = (
			);
			name = Cardcaptor_Sakura;
			productName = Cardcaptor_Sakura;
			productReference = 2403C3AD24C48F3F009DC596 /* Cardcaptor_Sakura.app */;
			productType = "com.apple.product-type.application";
		};
/* End PBXNativeTarget section */

/* Begin PBXProject section */
		2403C3A524C48F3F009DC596 /* Project object */ = {
			isa = PBXProject;
			attributes = {
				LastSwiftUpdateCheck = 1120;
				LastUpgradeCheck = 1120;
				ORGANIZATIONNAME = Steven;
				TargetAttributes = {
					2403C3AC24C48F3F009DC596 = {
						CreatedOnToolsVersion = 11.2.1;
					};
				};
			};
			buildConfigurationList = 2403C3A824C48F3F009DC596 /* Build configuration list for PBXProject "Cardcaptor_Sakura" */;
			compatibilityVersion = "Xcode 9.3";
			developmentRegion = en;
			hasScannedForEncodings = 0;
			knownRegions = (
				en,
				Base,
			);
			mainGroup = 2403C3A424C48F3F009DC596;
			productRefGroup = 2403C3AE24C48F3F009DC596 /* Products */;
			projectDirPath = "";
			projectRoot = "";
			targets = (
				2403C3AC24C48F3F009DC596 /* Cardcaptor_Sakura */,
			);
		};
/* End PBXProject section */

/* Begin PBXResourcesBuildPhase section */
		2403C3AB24C48F3F009DC596 /* Resources */ = {
			isa = PBXResourcesBuildPhase;
			buildActionMask = 2147483647;
			files = (
				2403C3BD24C48F40009DC596 /* LaunchScreen.storyboard in Resources */,
				24874C4324C7DD6300B65F5C /* moon.storyboard in Resources */,
				2403C3BA24C48F40009DC596 /* Assets.xcassets in Resources */,
				2403C3B824C48F3F009DC596 /* Main.storyboard in Resources */,
				24874C4124C7DD4300B65F5C /* sun.storyboard in Resources */,
			);
			runOnlyForDeploymentPostprocessing = 0;
		};
/* End PBXResourcesBuildPhase section */

/* Begin PBXSourcesBuildPhase section */
		2403C3A924C48F3F009DC596 /* Sources */ = {
			isa = PBXSourcesBuildPhase;
			buildActionMask = 2147483647;
			files = (
				2403C3B124C48F3F009DC596 /* AppDelegate.swift in Sources */,
				24BFBA7724C5304A00909D93 /* cardTableViewController.swift in Sources */,
				24BFBA7924C530C900909D93 /* drawStrawsViewController.swift in Sources */,
				2403C3B324C48F3F009DC596 /* SceneDelegate.swift in Sources */,
			);
			runOnlyForDeploymentPostprocessing = 0;
		};
/* End PBXSourcesBuildPhase section */

/* Begin PBXVariantGroup section */
		2403C3B624C48F3F009DC596 /* Main.storyboard */ = {
			isa = PBXVariantGroup;
			children = (
				2403C3B724C48F3F009DC596 /* Base */,
			);
			name = Main.storyboard;
			sourceTree = "<group>";
		};
		2403C3BB24C48F40009DC596 /* LaunchScreen.storyboard */ = {
			isa = PBXVariantGroup;
			children = (
				2403C3BC24C48F40009DC596 /* Base */,
			);
			name = LaunchScreen.storyboard;
			sourceTree = "<group>";
		};
		24874C3F24C7DD4300B65F5C /* sun.storyboard */ = {
			isa = PBXVariantGroup;
			children = (
				24874C4024C7DD4300B65F5C /* Base */,
			);
			name = sun.storyboard;
			sourceTree = "<group>";
		};
/* End PBXVariantGroup section */

/* Begin XCBuildConfiguration section */
		2403C3BF24C48F40009DC596 /* Debug */ = {
			isa = XCBuildConfiguration;
			buildSettings = {
				ALWAYS_SEARCH_USER_PATHS = NO;
				CLANG_ANALYZER_NONNULL = YES;
				CLANG_ANALYZER_NUMBER_OBJECT_CONVERSION = YES_AGGRESSIVE;
				CLANG_CXX_LANGUAGE_STANDARD = "gnu++14";
				CLANG_CXX_LIBRARY = "libc++";
				CLANG_ENABLE_MODULES = YES;
				CLANG_ENABLE_OBJC_ARC = YES;
				CLANG_ENABLE_OBJC_WEAK = YES;
				CLANG_WARN_BLOCK_CAPTURE_AUTORELEASING = YES;
				CLANG_WARN_BOOL_CONVERSION = YES;
				CLANG_WARN_COMMA = YES;
				CLANG_WARN_CONSTANT_CONVERSION = YES;
				CLANG_WARN_DEPRECATED_OBJC_IMPLEMENTATIONS = YES;
				CLANG_WARN_DIRECT_OBJC_ISA_USAGE = YES_ERROR;
				CLANG_WARN_DOCUMENTATION_COMMENTS = YES;
				CLANG_WARN_EMPTY_BODY = YES;
				CLANG_WARN_ENUM_CONVERSION = YES;
				CLANG_WARN_INFINITE_RECURSION = YES;
				CLANG_WARN_INT_CONVERSION = YES;
				CLANG_WARN_NON_LITERAL_NULL_CONVERSION = YES;
				CLANG_WARN_OBJC_IMPLICIT_RETAIN_SELF = YES;
				CLANG_WARN_OBJC_LITERAL_CONVERSION = YES;
				CLANG_WARN_OBJC_ROOT_CLASS = YES_ERROR;
				CLANG_WARN_RANGE_LOOP_ANALYSIS = YES;
				CLANG_WARN_STRICT_PROTOTYPES = YES;
				CLANG_WARN_SUSPICIOUS_MOVE = YES;
				CLANG_WARN_UNGUARDED_AVAILABILITY = YES_AGGRESSIVE;
				CLANG_WARN_UNREACHABLE_CODE = YES;
				CLANG_WARN__DUPLICATE_METHOD_MATCH = YES;
				COPY_PHASE_STRIP = NO;
				DEBUG_INFORMATION_FORMAT = dwarf;
				ENABLE_STRICT_OBJC_MSGSEND = YES;
				ENABLE_TESTABILITY = YES;
				GCC_C_LANGUAGE_STANDARD = gnu11;
				GCC_DYNAMIC_NO_PIC = NO;
				GCC_NO_COMMON_BLOCKS = YES;
				GCC_OPTIMIZATION_LEVEL = 0;
				GCC_PREPROCESSOR_DEFINITIONS = (
					"DEBUG=1",
					"$(inherited)",
				);
				GCC_WARN_64_TO_32_BIT_CONVERSION = YES;
				GCC_WARN_ABOUT_RETURN_TYPE = YES_ERROR;
				GCC_WARN_UNDECLARED_SELECTOR = YES;
				GCC_WARN_UNINITIALIZED_AUTOS = YES_AGGRESSIVE;
				GCC_WARN_UNUSED_FUNCTION = YES;
				GCC_WARN_UNUSED_VARIABLE = YES;
				IPHONEOS_DEPLOYMENT_TARGET = 13.2;
				MTL_ENABLE_DEBUG_INFO = INCLUDE_SOURCE;
				MTL_FAST_MATH = YES;
				ONLY_ACTIVE_ARCH = YES;
				SDKROOT = iphoneos;
				SWIFT_ACTIVE_COMPILATION_CONDITIONS = DEBUG;
				SWIFT_OPTIMIZATION_LEVEL = "-Onone";
			};
			name = Debug;
		};
		2403C3C024C48F40009DC596 /* Release */ = {
			isa = XCBuildConfiguration;
			buildSettings = {
				ALWAYS_SEARCH_USER_PATHS = NO;
				CLANG_ANALYZER_NONNULL = YES;
				CLANG_ANALYZER_NUMBER_OBJECT_CONVERSION = YES_AGGRESSIVE;
				CLANG_CXX_LANGUAGE_STANDARD = "gnu++14";
				CLANG_CXX_LIBRARY = "libc++";
				CLANG_ENABLE_MODULES = YES;
				CLANG_ENABLE_OBJC_ARC = YES;
				CLANG_ENABLE_OBJC_WEAK = YES;
				CLANG_WARN_BLOCK_CAPTURE_AUTORELEASING = YES;
				CLANG_WARN_BOOL_CONVERSION = YES;
				CLANG_WARN_COMMA = YES;
				CLANG_WARN_CONSTANT_CONVERSION = YES;
				CLANG_WARN_DEPRECATED_OBJC_IMPLEMENTATIONS = YES;
				CLANG_WARN_DIRECT_OBJC_ISA_USAGE = YES_ERROR;
				CLANG_WARN_DOCUMENTATION_COMMENTS = YES;
				CLANG_WARN_EMPTY_BODY = YES;
				CLANG_WARN_ENUM_CONVERSION = YES;
				CLANG_WARN_INFINITE_RECURSION = YES;
				CLANG_WARN_INT_CONVERSION = YES;
				CLANG_WARN_NON_LITERAL_NULL_CONVERSION = YES;
				CLANG_WARN_OBJC_IMPLICIT_RETAIN_SELF = YES;
				CLANG_WARN_OBJC_LITERAL_CONVERSION = YES;
				CLANG_WARN_OBJC_ROOT_CLASS = YES_ERROR;
				CLANG_WARN_RANGE_LOOP_ANALYSIS = YES;
				CLANG_WARN_STRICT_PROTOTYPES = YES;
				CLANG_WARN_SUSPICIOUS_MOVE = YES;
				CLANG_WARN_UNGUARDED_AVAILABILITY = YES_AGGRESSIVE;
				CLANG_WARN_UNREACHABLE_CODE = YES;
				CLANG_WARN__DUPLICATE_METHOD_MATCH = YES;
				COPY_PHASE_STRIP = NO;
				DEBUG_INFORMATION_FORMAT = "dwarf-with-dsym";
				ENABLE_NS_ASSERTIONS = NO;
				ENABLE_STRICT_OBJC_MSGSEND = YES;
				GCC_C_LANGUAGE_STANDARD = gnu11;
				GCC_NO_COMMON_BLOCKS = YES;
				GCC_WARN_64_TO_32_BIT_CONVERSION = YES;
				GCC_WARN_ABOUT_RETURN_TYPE = YES_ERROR;
				GCC_WARN_UNDECLARED_SELECTOR = YES;
				GCC_WARN_UNINITIALIZED_AUTOS = YES_AGGRESSIVE;
				GCC_WARN_UNUSED_FUNCTION = YES;
				GCC_WARN_UNUSED_VARIABLE = YES;
				IPHONEOS_DEPLOYMENT_TARGET = 13.2;
				MTL_ENABLE_DEBUG_INFO = NO;
				MTL_FAST_MATH = YES;
				SDKROOT = iphoneos;
				SWIFT_COMPILATION_MODE = wholemodule;
				SWIFT_OPTIMIZATION_LEVEL = "-O";
				VALIDATE_PRODUCT = YES;
			};
			name = Release;
		};
		2403C3C224C48F40009DC596 /* Debug */ = {
			isa = XCBuildConfiguration;
			buildSettings = {
				ASSETCATALOG_COMPILER_APPICON_NAME = AppIcon;
				CODE_SIGN_STYLE = Automatic;
				INFOPLIST_FILE = Cardcaptor_Sakura/Info.plist;
				LD_RUNPATH_SEARCH_PATHS = (
					"$(inherited)",
					"@executable_path/Frameworks",
				);
				PRODUCT_BUNDLE_IDENTIFIER = "Steven-QI.Cardcaptor-Sakura";
				PRODUCT_NAME = "$(TARGET_NAME)";
				SWIFT_VERSION = 5.0;
				TARGETED_DEVICE_FAMILY = "1,2";
			};
			name = Debug;
		};
		2403C3C324C48F40009DC596 /* Release */ = {
			isa = XCBuildConfiguration;
			buildSettings = {
				ASSETCATALOG_COMPILER_APPICON_NAME = AppIcon;
				CODE_SIGN_STYLE = Automatic;
				INFOPLIST_FILE = Cardcaptor_Sakura/Info.plist;
				LD_RUNPATH_SEARCH_PATHS = (
					"$(inherited)",
					"@executable_path/Frameworks",
				);
				PRODUCT_BUNDLE_IDENTIFIER = "Steven-QI.Cardcaptor-Sakura";
				PRODUCT_NAME = "$(TARGET_NAME)";
				SWIFT_VERSION = 5.0;
				TARGETED_DEVICE_FAMILY = "1,2";
			};
			name = Release;
		};
/* End XCBuildConfiguration section */

/* Begin XCConfigurationList section */
		2403C3A824C48F3F009DC596 /* Build configuration list for PBXProject "Cardcaptor_Sakura" */ = {
			isa = XCConfigurationList;
			buildConfigurations = (
				2403C3BF24C48F40009DC596 /* Debug */,
				2403C3C024C48F40009DC596 /* Release */,
			);
			defaultConfigurationIsVisible = 0;
			defaultConfigurationName = Release;
		};
		2403C3C124C48F40009DC596 /* Build configuration list for PBXNativeTarget "Cardcaptor_Sakura" */ = {
			isa = XCConfigurationList;
			buildConfigurations = (
				2403C3C224C48F40009DC596 /* Debug */,
				2403C3C324C48F40009DC596 /* Release */,
			);
			defaultConfigurationIsVisible = 0;
			defaultConfigurationName = Release;
		};
/* End XCConfigurationList section */
	};
	rootObject = 2403C3A524C48F3F009DC596 /* Project object */;
}
